
Microsoft Visual Studio Solution File, Format Version 12.00
# Visual Studio Version 17
VisualStudioVersion = 17.0.31903.59
MinimumVisualStudioVersion = 10.0.40219.1
Project("{FAE04EC0-301F-11D3-BF4B-00C04F79EFBC}") = "ExamAP.API", "ExamAP.API\ExamAP.API.csproj", "{C72D028F-C60F-4BF5-A29E-6CA938A02F4A}"
EndProject
Project("{FAE04EC0-301F-11D3-BF4B-00C04F79EFBC}") = "ExamAP.Model", "ExamAP.Model\ExamAP.Model.csproj", "{FD0726F8-B8EB-4A2A-A601-DF99D1747CFE}"
EndProject
Global
	GlobalSection(SolutionConfigurationPlatforms) = preSolution
		Debug|Any CPU = Debug|Any CPU
		Release|Any CPU = Release|Any CPU
	EndGlobalSection
	GlobalSection(SolutionProperties) = preSolution
		HideSolutionNode = FALSE
	EndGlobalSection
	GlobalSection(ProjectConfigurationPlatforms) = postSolution
		{C72D028F-C60F-4BF5-A29E-6CA938A02F4A}.Debug|Any CPU.ActiveCfg = Debug|Any CPU
		{C72D028F-C60F-4BF5-A29E-6CA938A02F4A}.Debug|Any CPU.Build.0 = Debug|Any CPU
		{C72D028F-C60F-4BF5-A29E-6CA938A02F4A}.Release|Any CPU.ActiveCfg = Release|Any CPU
		{C72D028F-C60F-4BF5-A29E-6CA938A02F4A}.Release|Any CPU.Build.0 = Release|Any CPU
		{FD0726F8-B8EB-4A2A-A601-DF99D1747CFE}.Debug|Any CPU.ActiveCfg = Debug|Any CPU
		{FD0726F8-B8EB-4A2A-A601-DF99D1747CFE}.Debug|Any CPU.Build.0 = Debug|Any CPU
		{FD0726F8-B8EB-4A2A-A601-DF99D1747CFE}.Release|Any CPU.ActiveCfg = Release|Any CPU
		{FD0726F8-B8EB-4A2A-A601-DF99D1747CFE}.Release|Any CPU.Build.0 = Release|Any CPU
	EndGlobalSection
EndGlobal
